
Microsoft Visual Studio Solution File, Format Version 12.00
# Blend for Visual Studio Version 16
VisualStudioVersion = 16.0.30611.23
MinimumVisualStudioVersion = 10.0.40219.1
Project("{FAE04EC0-301F-11D3-BF4B-00C04F79EFBC}") = "Mahulet_Andreea_Lab2", "Mahulet_Andreea_Lab2.csproj", "{CB81CD98-450B-4D94-865E-164295BECEC5}"
EndProject
Global
	GlobalSection(SolutionConfigurationPlatforms) = preSolution
		Debug|Any CPU = Debug|Any CPU
		Release|Any CPU = Release|Any CPU
	EndGlobalSection
	GlobalSection(ProjectConfigurationPlatforms) = postSolution
		{CB81CD98-450B-4D94-865E-164295BECEC5}.Debug|Any CPU.ActiveCfg = Debug|Any CPU
		{CB81CD98-450B-4D94-865E-164295BECEC5}.Debug|Any CPU.Build.0 = Debug|Any CPU
		{CB81CD98-450B-4D94-865E-164295BECEC5}.Release|Any CPU.ActiveCfg = Release|Any CPU
		{CB81CD98-450B-4D94-865E-164295BECEC5}.Release|Any CPU.Build.0 = Release|Any CPU
	EndGlobalSection
	GlobalSection(SolutionProperties) = preSolution
		HideSolutionNode = FALSE
	EndGlobalSection
	GlobalSection(ExtensibilityGlobals) = postSolution
		SolutionGuid = {C68F7E16-EDE4-446F-9B2E-25A6977BB537}
	EndGlobalSection
EndGlobal
